// !$*UTF8*$!
{
	archiveVersion = 1;
	classes = {
	};
	objectVersion = 56;
	objects = {

/* Begin PBXBuildFile section */
		1D4AE8372A4AEF9800348399 /* KeychainAccess in Frameworks */ = {isa = PBXBuildFile; productRef = 1D4AE8362A4AEF9800348399 /* KeychainAccess */; };
		1D4AE83A2A4D843100348399 /* Constants.swift in Sources */ = {isa = PBXBuildFile; fileRef = 1D4AE8392A4D843100348399 /* Constants.swift */; };
		1D4AE83C2A4EB00800348399 /* StringExtensions.swift in Sources */ = {isa = PBXBuildFile; fileRef = 1D4AE83B2A4EB00800348399 /* StringExtensions.swift */; };
		1D4AE8412A4EED0800348399 /* KeychainStorage.swift in Sources */ = {isa = PBXBuildFile; fileRef = 1D4AE8402A4EED0800348399 /* KeychainStorage.swift */; };
		1D8FAD772A111213006D635E /* LoginView.swift in Sources */ = {isa = PBXBuildFile; fileRef = 1D8FAD762A111213006D635E /* LoginView.swift */; };
		1D8FAD792A11122F006D635E /* LoginViewModel.swift in Sources */ = {isa = PBXBuildFile; fileRef = 1D8FAD782A11122F006D635E /* LoginViewModel.swift */; };
		1D8FAD7F2A1113D5006D635E /* ProductView.swift in Sources */ = {isa = PBXBuildFile; fileRef = 1D8FAD7E2A1113D5006D635E /* ProductView.swift */; };
		1D8FAD822A1376D4006D635E /* NetworkManager.swift in Sources */ = {isa = PBXBuildFile; fileRef = 1D8FAD812A1376D4006D635E /* NetworkManager.swift */; };
		1D8FAD842A1376F8006D635E /* LoginRepository.swift in Sources */ = {isa = PBXBuildFile; fileRef = 1D8FAD832A1376F8006D635E /* LoginRepository.swift */; };
		1D8FAD862A137711006D635E /* RepositoryProtocol.swift in Sources */ = {isa = PBXBuildFile; fileRef = 1D8FAD852A137711006D635E /* RepositoryProtocol.swift */; };
		1D8FAD892A137F17006D635E /* Alamofire in Frameworks */ = {isa = PBXBuildFile; productRef = 1D8FAD882A137F17006D635E /* Alamofire */; };
		1D8FAD8D2A1E3187006D635E /* Product.swift in Sources */ = {isa = PBXBuildFile; fileRef = 1D8FAD8C2A1E3187006D635E /* Product.swift */; };
		1D8FAD8F2A1E319A006D635E /* Login.swift in Sources */ = {isa = PBXBuildFile; fileRef = 1D8FAD8E2A1E319A006D635E /* Login.swift */; };
		1D8FAD932A1E4038006D635E /* Factory in Frameworks */ = {isa = PBXBuildFile; productRef = 1D8FAD922A1E4038006D635E /* Factory */; };
		1D8FAD962A1E4453006D635E /* FactoryExtensions.swift in Sources */ = {isa = PBXBuildFile; fileRef = 1D8FAD952A1E4453006D635E /* FactoryExtensions.swift */; };
		1DBE11262A23988800AE4A23 /* URLImage in Frameworks */ = {isa = PBXBuildFile; productRef = 1DBE11252A23988800AE4A23 /* URLImage */; };
		1DBE11292A23A35F00AE4A23 /* ProductRepository.swift in Sources */ = {isa = PBXBuildFile; fileRef = 1DBE11282A23A35F00AE4A23 /* ProductRepository.swift */; };
		1DBE112B2A23A5AC00AE4A23 /* ProductViewModel.swift in Sources */ = {isa = PBXBuildFile; fileRef = 1DBE112A2A23A5AC00AE4A23 /* ProductViewModel.swift */; };
		1DBF3F802A09406A007FB831 /* MobileTrainingApp.swift in Sources */ = {isa = PBXBuildFile; fileRef = 1DBF3F7F2A09406A007FB831 /* MobileTrainingApp.swift */; };
		1DBF3F822A09406A007FB831 /* ContentView.swift in Sources */ = {isa = PBXBuildFile; fileRef = 1DBF3F812A09406A007FB831 /* ContentView.swift */; };
		1DBF3F842A09406B007FB831 /* Assets.xcassets in Resources */ = {isa = PBXBuildFile; fileRef = 1DBF3F832A09406B007FB831 /* Assets.xcassets */; };
		1DBF3F872A09406B007FB831 /* Preview Assets.xcassets in Resources */ = {isa = PBXBuildFile; fileRef = 1DBF3F862A09406B007FB831 /* Preview Assets.xcassets */; };
/* End PBXBuildFile section */

/* Begin PBXFileReference section */
		1D4AE8392A4D843100348399 /* Constants.swift */ = {isa = PBXFileReference; lastKnownFileType = sourcecode.swift; path = Constants.swift; sourceTree = "<group>"; };
		1D4AE83B2A4EB00800348399 /* StringExtensions.swift */ = {isa = PBXFileReference; lastKnownFileType = sourcecode.swift; path = StringExtensions.swift; sourceTree = "<group>"; };
		1D4AE8402A4EED0800348399 /* KeychainStorage.swift */ = {isa = PBXFileReference; lastKnownFileType = sourcecode.swift; path = KeychainStorage.swift; sourceTree = "<group>"; };
		1D8FAD762A111213006D635E /* LoginView.swift */ = {isa = PBXFileReference; lastKnownFileType = sourcecode.swift; path = LoginView.swift; sourceTree = "<group>"; };
		1D8FAD782A11122F006D635E /* LoginViewModel.swift */ = {isa = PBXFileReference; lastKnownFileType = sourcecode.swift; path = LoginViewModel.swift; sourceTree = "<group>"; };
		1D8FAD7E2A1113D5006D635E /* ProductView.swift */ = {isa = PBXFileReference; lastKnownFileType = sourcecode.swift; path = ProductView.swift; sourceTree = "<group>"; };
		1D8FAD812A1376D4006D635E /* NetworkManager.swift */ = {isa = PBXFileReference; lastKnownFileType = sourcecode.swift; path = NetworkManager.swift; sourceTree = "<group>"; };
		1D8FAD832A1376F8006D635E /* LoginRepository.swift */ = {isa = PBXFileReference; lastKnownFileType = sourcecode.swift; path = LoginRepository.swift; sourceTree = "<group>"; };
		1D8FAD852A137711006D635E /* RepositoryProtocol.swift */ = {isa = PBXFileReference; lastKnownFileType = sourcecode.swift; path = RepositoryProtocol.swift; sourceTree = "<group>"; };
		1D8FAD8C2A1E3187006D635E /* Product.swift */ = {isa = PBXFileReference; lastKnownFileType = sourcecode.swift; path = Product.swift; sourceTree = "<group>"; };
		1D8FAD8E2A1E319A006D635E /* Login.swift */ = {isa = PBXFileReference; lastKnownFileType = sourcecode.swift; path = Login.swift; sourceTree = "<group>"; };
		1D8FAD952A1E4453006D635E /* FactoryExtensions.swift */ = {isa = PBXFileReference; lastKnownFileType = sourcecode.swift; path = FactoryExtensions.swift; sourceTree = "<group>"; };
		1DBE11282A23A35F00AE4A23 /* ProductRepository.swift */ = {isa = PBXFileReference; lastKnownFileType = sourcecode.swift; path = ProductRepository.swift; sourceTree = "<group>"; };
		1DBE112A2A23A5AC00AE4A23 /* ProductViewModel.swift */ = {isa = PBXFileReference; lastKnownFileType = sourcecode.swift; path = ProductViewModel.swift; sourceTree = "<group>"; };
		1DBF3F7C2A09406A007FB831 /* MobileTraining.app */ = {isa = PBXFileReference; explicitFileType = wrapper.application; includeInIndex = 0; path = MobileTraining.app; sourceTree = BUILT_PRODUCTS_DIR; };
		1DBF3F7F2A09406A007FB831 /* MobileTrainingApp.swift */ = {isa = PBXFileReference; lastKnownFileType = sourcecode.swift; path = MobileTrainingApp.swift; sourceTree = "<group>"; };
		1DBF3F812A09406A007FB831 /* ContentView.swift */ = {isa = PBXFileReference; lastKnownFileType = sourcecode.swift; path = ContentView.swift; sourceTree = "<group>"; };
		1DBF3F832A09406B007FB831 /* Assets.xcassets */ = {isa = PBXFileReference; lastKnownFileType = folder.assetcatalog; path = Assets.xcassets; sourceTree = "<group>"; };
		1DBF3F862A09406B007FB831 /* Preview Assets.xcassets */ = {isa = PBXFileReference; lastKnownFileType = folder.assetcatalog; path = "Preview Assets.xcassets"; sourceTree = "<group>"; };
/* End PBXFileReference section */

/* Begin PBXFrameworksBuildPhase section */
		1DBF3F792A09406A007FB831 /* Frameworks */ = {
			isa = PBXFrameworksBuildPhase;
			buildActionMask = 2147483647;
			files = (
				1D4AE8372A4AEF9800348399 /* KeychainAccess in Frameworks */,
				1D8FAD892A137F17006D635E /* Alamofire in Frameworks */,
				1DBE11262A23988800AE4A23 /* URLImage in Frameworks */,
				1D8FAD932A1E4038006D635E /* Factory in Frameworks */,
			);
			runOnlyForDeploymentPostprocessing = 0;
		};
/* End PBXFrameworksBuildPhase section */

/* Begin PBXGroup section */
		1D4AE8382A4D841900348399 /* Utils */ = {
			isa = PBXGroup;
			children = (
				1D4AE8392A4D843100348399 /* Constants.swift */,
			);
			path = Utils;
			sourceTree = "<group>";
		};
		1D4AE83F2A4EECF400348399 /* Services */ = {
			isa = PBXGroup;
			children = (
				1D4AE8402A4EED0800348399 /* KeychainStorage.swift */,
			);
			path = Services;
			sourceTree = "<group>";
		};
		1D8FAD742A1111D0006D635E /* Views */ = {
			isa = PBXGroup;
			children = (
				1D8FAD7D2A1113C1006D635E /* Product */,
				1D8FAD752A1111DF006D635E /* Login */,
			);
			path = Views;
			sourceTree = "<group>";
		};
		1D8FAD752A1111DF006D635E /* Login */ = {
			isa = PBXGroup;
			children = (
				1D8FAD762A111213006D635E /* LoginView.swift */,
				1D8FAD782A11122F006D635E /* LoginViewModel.swift */,
			);
			path = Login;
			sourceTree = "<group>";
		};
		1D8FAD7D2A1113C1006D635E /* Product */ = {
			isa = PBXGroup;
			children = (
				1D8FAD7E2A1113D5006D635E /* ProductView.swift */,
				1DBE112A2A23A5AC00AE4A23 /* ProductViewModel.swift */,
			);
			path = Product;
			sourceTree = "<group>";
		};
		1D8FAD802A137648006D635E /* Networking */ = {
			isa = PBXGroup;
			children = (
				1D8FAD902A1E3E3F006D635E /* Repositories */,
				1D8FAD812A1376D4006D635E /* NetworkManager.swift */,
			);
			path = Networking;
			sourceTree = "<group>";
		};
		1D8FAD8B2A1E3166006D635E /* Models */ = {
			isa = PBXGroup;
			children = (
				1D8FAD8C2A1E3187006D635E /* Product.swift */,
				1D8FAD8E2A1E319A006D635E /* Login.swift */,
			);
			path = Models;
			sourceTree = "<group>";
		};
		1D8FAD902A1E3E3F006D635E /* Repositories */ = {
			isa = PBXGroup;
			children = (
				1D8FAD852A137711006D635E /* RepositoryProtocol.swift */,
				1D8FAD832A1376F8006D635E /* LoginRepository.swift */,
				1DBE11282A23A35F00AE4A23 /* ProductRepository.swift */,
			);
			path = Repositories;
			sourceTree = "<group>";
		};
		1D8FAD942A1E443C006D635E /* Extensions */ = {
			isa = PBXGroup;
			children = (
				1D8FAD952A1E4453006D635E /* FactoryExtensions.swift */,
				1D4AE83B2A4EB00800348399 /* StringExtensions.swift */,
			);
			path = Extensions;
			sourceTree = "<group>";
		};
		1DBF3F732A09406A007FB831 = {
			isa = PBXGroup;
			children = (
				1DBF3F7E2A09406A007FB831 /* MobileTraining */,
				1DBF3F7D2A09406A007FB831 /* Products */,
			);
			sourceTree = "<group>";
		};
		1DBF3F7D2A09406A007FB831 /* Products */ = {
			isa = PBXGroup;
			children = (
				1DBF3F7C2A09406A007FB831 /* MobileTraining.app */,
			);
			name = Products;
			sourceTree = "<group>";
		};
		1DBF3F7E2A09406A007FB831 /* MobileTraining */ = {
			isa = PBXGroup;
			children = (
				1D4AE83F2A4EECF400348399 /* Services */,
				1D4AE8382A4D841900348399 /* Utils */,
				1D8FAD942A1E443C006D635E /* Extensions */,
				1D8FAD8B2A1E3166006D635E /* Models */,
				1D8FAD802A137648006D635E /* Networking */,
				1D8FAD742A1111D0006D635E /* Views */,
				1DBF3F7F2A09406A007FB831 /* MobileTrainingApp.swift */,
				1DBF3F812A09406A007FB831 /* ContentView.swift */,
				1DBF3F832A09406B007FB831 /* Assets.xcassets */,
				1DBF3F852A09406B007FB831 /* Preview Content */,
			);
			path = MobileTraining;
			sourceTree = "<group>";
		};
		1DBF3F852A09406B007FB831 /* Preview Content */ = {
			isa = PBXGroup;
			children = (
				1DBF3F862A09406B007FB831 /* Preview Assets.xcassets */,
			);
			path = "Preview Content";
			sourceTree = "<group>";
		};
/* End PBXGroup section */

/* Begin PBXNativeTarget section */
		1DBF3F7B2A09406A007FB831 /* MobileTraining */ = {
			isa = PBXNativeTarget;
			buildConfigurationList = 1DBF3F8A2A09406B007FB831 /* Build configuration list for PBXNativeTarget "MobileTraining" */;
			buildPhases = (
				1DBF3F782A09406A007FB831 /* Sources */,
				1DBF3F792A09406A007FB831 /* Frameworks */,
				1DBF3F7A2A09406A007FB831 /* Resources */,
			);
			buildRules = (
			);
			dependencies = (
			);
			name = MobileTraining;
			packageProductDependencies = (
				1D8FAD882A137F17006D635E /* Alamofire */,
				1D8FAD922A1E4038006D635E /* Factory */,
				1DBE11252A23988800AE4A23 /* URLImage */,
				1D4AE8362A4AEF9800348399 /* KeychainAccess */,
			);
			productName = MobileTraining;
			productReference = 1DBF3F7C2A09406A007FB831 /* MobileTraining.app */;
			productType = "com.apple.product-type.application";
		};
/* End PBXNativeTarget section */

/* Begin PBXProject section */
		1DBF3F742A09406A007FB831 /* Project object */ = {
			isa = PBXProject;
			attributes = {
				BuildIndependentTargetsInParallel = 1;
				LastSwiftUpdateCheck = 1430;
				LastUpgradeCheck = 1430;
				TargetAttributes = {
					1DBF3F7B2A09406A007FB831 = {
						CreatedOnToolsVersion = 14.3;
					};
				};
			};
			buildConfigurationList = 1DBF3F772A09406A007FB831 /* Build configuration list for PBXProject "MobileTraining" */;
			compatibilityVersion = "Xcode 14.0";
			developmentRegion = en;
			hasScannedForEncodings = 0;
			knownRegions = (
				en,
				Base,
			);
			mainGroup = 1DBF3F732A09406A007FB831;
			packageReferences = (
				1D8FAD872A137F17006D635E /* XCRemoteSwiftPackageReference "Alamofire" */,
				1D8FAD912A1E4038006D635E /* XCRemoteSwiftPackageReference "Factory" */,
				1DBE11242A23988800AE4A23 /* XCRemoteSwiftPackageReference "url-image" */,
				1D4AE8352A4AEF9800348399 /* XCRemoteSwiftPackageReference "KeychainAccess" */,
			);
			productRefGroup = 1DBF3F7D2A09406A007FB831 /* Products */;
			projectDirPath = "";
			projectRoot = "";
			targets = (
				1DBF3F7B2A09406A007FB831 /* MobileTraining */,
			);
		};
/* End PBXProject section */

/* Begin PBXResourcesBuildPhase section */
		1DBF3F7A2A09406A007FB831 /* Resources */ = {
			isa = PBXResourcesBuildPhase;
			buildActionMask = 2147483647;
			files = (
				1DBF3F872A09406B007FB831 /* Preview Assets.xcassets in Resources */,
				1DBF3F842A09406B007FB831 /* Assets.xcassets in Resources */,
			);
			runOnlyForDeploymentPostprocessing = 0;
		};
/* End PBXResourcesBuildPhase section */

/* Begin PBXSourcesBuildPhase section */
		1DBF3F782A09406A007FB831 /* Sources */ = {
			isa = PBXSourcesBuildPhase;
			buildActionMask = 2147483647;
			files = (
				1DBE112B2A23A5AC00AE4A23 /* ProductViewModel.swift in Sources */,
				1D4AE8412A4EED0800348399 /* KeychainStorage.swift in Sources */,
				1DBE11292A23A35F00AE4A23 /* ProductRepository.swift in Sources */,
				1D8FAD792A11122F006D635E /* LoginViewModel.swift in Sources */,
				1D8FAD8F2A1E319A006D635E /* Login.swift in Sources */,
				1D8FAD772A111213006D635E /* LoginView.swift in Sources */,
				1D4AE83A2A4D843100348399 /* Constants.swift in Sources */,
				1D8FAD822A1376D4006D635E /* NetworkManager.swift in Sources */,
				1DBF3F822A09406A007FB831 /* ContentView.swift in Sources */,
				1D8FAD842A1376F8006D635E /* LoginRepository.swift in Sources */,
				1D8FAD7F2A1113D5006D635E /* ProductView.swift in Sources */,
				1D8FAD8D2A1E3187006D635E /* Product.swift in Sources */,
				1DBF3F802A09406A007FB831 /* MobileTrainingApp.swift in Sources */,
				1D4AE83C2A4EB00800348399 /* StringExtensions.swift in Sources */,
				1D8FAD962A1E4453006D635E /* FactoryExtensions.swift in Sources */,
				1D8FAD862A137711006D635E /* RepositoryProtocol.swift in Sources */,
			);
			runOnlyForDeploymentPostprocessing = 0;
		};
/* End PBXSourcesBuildPhase section */

/* Begin XCBuildConfiguration section */
		1DBF3F882A09406B007FB831 /* Debug */ = {
			isa = XCBuildConfiguration;
			buildSettings = {
				ALWAYS_SEARCH_USER_PATHS = NO;
				CLANG_ANALYZER_NONNULL = YES;
				CLANG_ANALYZER_NUMBER_OBJECT_CONVERSION = YES_AGGRESSIVE;
				CLANG_CXX_LANGUAGE_STANDARD = "gnu++20";
				CLANG_ENABLE_MODULES = YES;
				CLANG_ENABLE_OBJC_ARC = YES;
				CLANG_ENABLE_OBJC_WEAK = YES;
				CLANG_WARN_BLOCK_CAPTURE_AUTORELEASING = YES;
				CLANG_WARN_BOOL_CONVERSION = YES;
				CLANG_WARN_COMMA = YES;
				CLANG_WARN_CONSTANT_CONVERSION = YES;
				CLANG_WARN_DEPRECATED_OBJC_IMPLEMENTATIONS = YES;
				CLANG_WARN_DIRECT_OBJC_ISA_USAGE = YES_ERROR;
				CLANG_WARN_DOCUMENTATION_COMMENTS = YES;
				CLANG_WARN_EMPTY_BODY = YES;
				CLANG_WARN_ENUM_CONVERSION = YES;
				CLANG_WARN_INFINITE_RECURSION = YES;
				CLANG_WARN_INT_CONVERSION = YES;
				CLANG_WARN_NON_LITERAL_NULL_CONVERSION = YES;
				CLANG_WARN_OBJC_IMPLICIT_RETAIN_SELF = YES;
				CLANG_WARN_OBJC_LITERAL_CONVERSION = YES;
				CLANG_WARN_OBJC_ROOT_CLASS = YES_ERROR;
				CLANG_WARN_QUOTED_INCLUDE_IN_FRAMEWORK_HEADER = YES;
				CLANG_WARN_RANGE_LOOP_ANALYSIS = YES;
				CLANG_WARN_STRICT_PROTOTYPES = YES;
				CLANG_WARN_SUSPICIOUS_MOVE = YES;
				CLANG_WARN_UNGUARDED_AVAILABILITY = YES_AGGRESSIVE;
				CLANG_WARN_UNREACHABLE_CODE = YES;
				CLANG_WARN__DUPLICATE_METHOD_MATCH = YES;
				COPY_PHASE_STRIP = NO;
				DEBUG_INFORMATION_FORMAT = dwarf;
				ENABLE_STRICT_OBJC_MSGSEND = YES;
				ENABLE_TESTABILITY = YES;
				GCC_C_LANGUAGE_STANDARD = gnu11;
				GCC_DYNAMIC_NO_PIC = NO;
				GCC_NO_COMMON_BLOCKS = YES;
				GCC_OPTIMIZATION_LEVEL = 0;
				GCC_PREPROCESSOR_DEFINITIONS = (
					"DEBUG=1",
					"$(inherited)",
				);
				GCC_WARN_64_TO_32_BIT_CONVERSION = YES;
				GCC_WARN_ABOUT_RETURN_TYPE = YES_ERROR;
				GCC_WARN_UNDECLARED_SELECTOR = YES;
				GCC_WARN_UNINITIALIZED_AUTOS = YES_AGGRESSIVE;
				GCC_WARN_UNUSED_FUNCTION = YES;
				GCC_WARN_UNUSED_VARIABLE = YES;
				IPHONEOS_DEPLOYMENT_TARGET = 16.4;
				MTL_ENABLE_DEBUG_INFO = INCLUDE_SOURCE;
				MTL_FAST_MATH = YES;
				ONLY_ACTIVE_ARCH = YES;
				SDKROOT = iphoneos;
				SWIFT_ACTIVE_COMPILATION_CONDITIONS = DEBUG;
				SWIFT_OPTIMIZATION_LEVEL = "-Onone";
			};
			name = Debug;
		};
		1DBF3F892A09406B007FB831 /* Release */ = {
			isa = XCBuildConfiguration;
			buildSettings = {
				ALWAYS_SEARCH_USER_PATHS = NO;
				CLANG_ANALYZER_NONNULL = YES;
				CLANG_ANALYZER_NUMBER_OBJECT_CONVERSION = YES_AGGRESSIVE;
				CLANG_CXX_LANGUAGE_STANDARD = "gnu++20";
				CLANG_ENABLE_MODULES = YES;
				CLANG_ENABLE_OBJC_ARC = YES;
				CLANG_ENABLE_OBJC_WEAK = YES;
				CLANG_WARN_BLOCK_CAPTURE_AUTORELEASING = YES;
				CLANG_WARN_BOOL_CONVERSION = YES;
				CLANG_WARN_COMMA = YES;
				CLANG_WARN_CONSTANT_CONVERSION = YES;
				CLANG_WARN_DEPRECATED_OBJC_IMPLEMENTATIONS = YES;
				CLANG_WARN_DIRECT_OBJC_ISA_USAGE = YES_ERROR;
				CLANG_WARN_DOCUMENTATION_COMMENTS = YES;
				CLANG_WARN_EMPTY_BODY = YES;
				CLANG_WARN_ENUM_CONVERSION = YES;
				CLANG_WARN_INFINITE_RECURSION = YES;
				CLANG_WARN_INT_CONVERSION = YES;
				CLANG_WARN_NON_LITERAL_NULL_CONVERSION = YES;
				CLANG_WARN_OBJC_IMPLICIT_RETAIN_SELF = YES;
				CLANG_WARN_OBJC_LITERAL_CONVERSION = YES;
				CLANG_WARN_OBJC_ROOT_CLASS = YES_ERROR;
				CLANG_WARN_QUOTED_INCLUDE_IN_FRAMEWORK_HEADER = YES;
				CLANG_WARN_RANGE_LOOP_ANALYSIS = YES;
				CLANG_WARN_STRICT_PROTOTYPES = YES;
				CLANG_WARN_SUSPICIOUS_MOVE = YES;
				CLANG_WARN_UNGUARDED_AVAILABILITY = YES_AGGRESSIVE;
				CLANG_WARN_UNREACHABLE_CODE = YES;
				CLANG_WARN__DUPLICATE_METHOD_MATCH = YES;
				COPY_PHASE_STRIP = NO;
				DEBUG_INFORMATION_FORMAT = "dwarf-with-dsym";
				ENABLE_NS_ASSERTIONS = NO;
				ENABLE_STRICT_OBJC_MSGSEND = YES;
				GCC_C_LANGUAGE_STANDARD = gnu11;
				GCC_NO_COMMON_BLOCKS = YES;
				GCC_WARN_64_TO_32_BIT_CONVERSION = YES;
				GCC_WARN_ABOUT_RETURN_TYPE = YES_ERROR;
				GCC_WARN_UNDECLARED_SELECTOR = YES;
				GCC_WARN_UNINITIALIZED_AUTOS = YES_AGGRESSIVE;
				GCC_WARN_UNUSED_FUNCTION = YES;
				GCC_WARN_UNUSED_VARIABLE = YES;
				IPHONEOS_DEPLOYMENT_TARGET = 16.4;
				MTL_ENABLE_DEBUG_INFO = NO;
				MTL_FAST_MATH = YES;
				SDKROOT = iphoneos;
				SWIFT_COMPILATION_MODE = wholemodule;
				SWIFT_OPTIMIZATION_LEVEL = "-O";
				VALIDATE_PRODUCT = YES;
			};
			name = Release;
		};
		1DBF3F8B2A09406B007FB831 /* Debug */ = {
			isa = XCBuildConfiguration;
			buildSettings = {
				ASSETCATALOG_COMPILER_APPICON_NAME = AppIcon;
				ASSETCATALOG_COMPILER_GLOBAL_ACCENT_COLOR_NAME = AccentColor;
				CODE_SIGN_STYLE = Automatic;
				CURRENT_PROJECT_VERSION = 1;
				DEVELOPMENT_ASSET_PATHS = "\"MobileTraining/Preview Content\"";
				DEVELOPMENT_TEAM = XDGGK84KWC;
				ENABLE_PREVIEWS = YES;
				GENERATE_INFOPLIST_FILE = YES;
				INFOPLIST_KEY_UIApplicationSceneManifest_Generation = YES;
				INFOPLIST_KEY_UIApplicationSupportsIndirectInputEvents = YES;
				INFOPLIST_KEY_UILaunchScreen_Generation = YES;
				INFOPLIST_KEY_UISupportedInterfaceOrientations_iPad = "UIInterfaceOrientationPortrait UIInterfaceOrientationPortraitUpsideDown UIInterfaceOrientationLandscapeLeft UIInterfaceOrientationLandscapeRight";
				INFOPLIST_KEY_UISupportedInterfaceOrientations_iPhone = "UIInterfaceOrientationPortrait UIInterfaceOrientationLandscapeLeft UIInterfaceOrientationLandscapeRight";
				LD_RUNPATH_SEARCH_PATHS = (
					"$(inherited)",
					"@executable_path/Frameworks",
				);
				MARKETING_VERSION = 1.0;
				PRODUCT_BUNDLE_IDENTIFIER = com.accedia.svdo.MobileTraining;
				PRODUCT_NAME = "$(TARGET_NAME)";
				SWIFT_EMIT_LOC_STRINGS = YES;
				SWIFT_VERSION = 5.0;
				TARGETED_DEVICE_FAMILY = "1,2";
			};
			name = Debug;
		};
		1DBF3F8C2A09406B007FB831 /* Release */ = {
			isa = XCBuildConfiguration;
			buildSettings = {
				ASSETCATALOG_COMPILER_APPICON_NAME = AppIcon;
				ASSETCATALOG_COMPILER_GLOBAL_ACCENT_COLOR_NAME = AccentColor;
				CODE_SIGN_STYLE = Automatic;
				CURRENT_PROJECT_VERSION = 1;
				DEVELOPMENT_ASSET_PATHS = "\"MobileTraining/Preview Content\"";
				DEVELOPMENT_TEAM = XDGGK84KWC;
				ENABLE_PREVIEWS = YES;
				GENERATE_INFOPLIST_FILE = YES;
				INFOPLIST_KEY_UIApplicationSceneManifest_Generation = YES;
				INFOPLIST_KEY_UIApplicationSupportsIndirectInputEvents = YES;
				INFOPLIST_KEY_UILaunchScreen_Generation = YES;
				INFOPLIST_KEY_UISupportedInterfaceOrientations_iPad = "UIInterfaceOrientationPortrait UIInterfaceOrientationPortraitUpsideDown UIInterfaceOrientationLandscapeLeft UIInterfaceOrientationLandscapeRight";
				INFOPLIST_KEY_UISupportedInterfaceOrientations_iPhone = "UIInterfaceOrientationPortrait UIInterfaceOrientationLandscapeLeft UIInterfaceOrientationLandscapeRight";
				LD_RUNPATH_SEARCH_PATHS = (
					"$(inherited)",
					"@executable_path/Frameworks",
				);
				MARKETING_VERSION = 1.0;
				PRODUCT_BUNDLE_IDENTIFIER = com.accedia.svdo.MobileTraining;
				PRODUCT_NAME = "$(TARGET_NAME)";
				SWIFT_EMIT_LOC_STRINGS = YES;
				SWIFT_VERSION = 5.0;
				TARGETED_DEVICE_FAMILY = "1,2";
			};
			name = Release;
		};
/* End XCBuildConfiguration section */

/* Begin XCConfigurationList section */
		1DBF3F772A09406A007FB831 /* Build configuration list for PBXProject "MobileTraining" */ = {
			isa = XCConfigurationList;
			buildConfigurations = (
				1DBF3F882A09406B007FB831 /* Debug */,
				1DBF3F892A09406B007FB831 /* Release */,
			);
			defaultConfigurationIsVisible = 0;
			defaultConfigurationName = Release;
		};
		1DBF3F8A2A09406B007FB831 /* Build configuration list for PBXNativeTarget "MobileTraining" */ = {
			isa = XCConfigurationList;
			buildConfigurations = (
				1DBF3F8B2A09406B007FB831 /* Debug */,
				1DBF3F8C2A09406B007FB831 /* Release */,
			);
			defaultConfigurationIsVisible = 0;
			defaultConfigurationName = Release;
		};
/* End XCConfigurationList section */

/* Begin XCRemoteSwiftPackageReference section */
		1D4AE8352A4AEF9800348399 /* XCRemoteSwiftPackageReference "KeychainAccess" */ = {
			isa = XCRemoteSwiftPackageReference;
			repositoryURL = "https://github.com/kishikawakatsumi/KeychainAccess.git";
			requirement = {
				branch = master;
				kind = branch;
			};
		};
		1D8FAD872A137F17006D635E /* XCRemoteSwiftPackageReference "Alamofire" */ = {
			isa = XCRemoteSwiftPackageReference;
			repositoryURL = "https://github.com/Alamofire/Alamofire";
			requirement = {
				kind = upToNextMajorVersion;
				minimumVersion = 5.0.0;
			};
		};
		1D8FAD912A1E4038006D635E /* XCRemoteSwiftPackageReference "Factory" */ = {
			isa = XCRemoteSwiftPackageReference;
			repositoryURL = "https://github.com/hmlongco/Factory.git";
			requirement = {
				kind = upToNextMajorVersion;
				minimumVersion = 2.0.0;
			};
		};
		1DBE11242A23988800AE4A23 /* XCRemoteSwiftPackageReference "url-image" */ = {
			isa = XCRemoteSwiftPackageReference;
			repositoryURL = "https://github.com/dmytro-anokhin/url-image.git";
			requirement = {
				kind = upToNextMajorVersion;
				minimumVersion = 3.0.0;
			};
		};
/* End XCRemoteSwiftPackageReference section */

/* Begin XCSwiftPackageProductDependency section */
		1D4AE8362A4AEF9800348399 /* KeychainAccess */ = {
			isa = XCSwiftPackageProductDependency;
			package = 1D4AE8352A4AEF9800348399 /* XCRemoteSwiftPackageReference "KeychainAccess" */;
			productName = KeychainAccess;
		};
		1D8FAD882A137F17006D635E /* Alamofire */ = {
			isa = XCSwiftPackageProductDependency;
			package = 1D8FAD872A137F17006D635E /* XCRemoteSwiftPackageReference "Alamofire" */;
			productName = Alamofire;
		};
		1D8FAD922A1E4038006D635E /* Factory */ = {
			isa = XCSwiftPackageProductDependency;
			package = 1D8FAD912A1E4038006D635E /* XCRemoteSwiftPackageReference "Factory" */;
			productName = Factory;
		};
		1DBE11252A23988800AE4A23 /* URLImage */ = {
			isa = XCSwiftPackageProductDependency;
			package = 1DBE11242A23988800AE4A23 /* XCRemoteSwiftPackageReference "url-image" */;
			productName = URLImage;
		};
/* End XCSwiftPackageProductDependency section */
	};
	rootObject = 1DBF3F742A09406A007FB831 /* Project object */;
}
